
Microsoft Visual Studio Solution File, Format Version 12.00
# Visual Studio Version 16
VisualStudioVersion = 16.0.32106.194
MinimumVisualStudioVersion = 10.0.40219.1
Project("{FAE04EC0-301F-11D3-BF4B-00C04F79EFBC}") = "Travelling Salesman Problem", "Travelling Salesman Problem.csproj", "{DAF97D27-3964-4BAF-B720-C6CB3905F219}"
EndProject
Global
	GlobalSection(SolutionConfigurationPlatforms) = preSolution
		Debug|Any CPU = Debug|Any CPU
		Release|Any CPU = Release|Any CPU
	EndGlobalSection
	GlobalSection(ProjectConfigurationPlatforms) = postSolution
		{DAF97D27-3964-4BAF-B720-C6CB3905F219}.Debug|Any CPU.ActiveCfg = Debug|Any CPU
		{DAF97D27-3964-4BAF-B720-C6CB3905F219}.Debug|Any CPU.Build.0 = Debug|Any CPU
		{DAF97D27-3964-4BAF-B720-C6CB3905F219}.Release|Any CPU.ActiveCfg = Release|Any CPU
		{DAF97D27-3964-4BAF-B720-C6CB3905F219}.Release|Any CPU.Build.0 = Release|Any CPU
	EndGlobalSection
	GlobalSection(SolutionProperties) = preSolution
		HideSolutionNode = FALSE
	EndGlobalSection
	GlobalSection(ExtensibilityGlobals) = postSolution
		SolutionGuid = {9EAD99E6-97D9-4638-8A6F-BC04E8848EDB}
	EndGlobalSection
EndGlobal
